
Microsoft Visual Studio Solution File, Format Version 12.00
# Visual Studio Version 16
VisualStudioVersion = 16.0.32106.194
MinimumVisualStudioVersion = 10.0.40219.1
Project("{FAE04EC0-301F-11D3-BF4B-00C04F79EFBC}") = "projet csharp", "projet csharp\projet csharp.csproj", "{021A016C-40AB-4D63-8BD8-18B6BABBD1BD}"
EndProject
Global
	GlobalSection(SolutionConfigurationPlatforms) = preSolution
		Debug|Any CPU = Debug|Any CPU
		Release|Any CPU = Release|Any CPU
	EndGlobalSection
	GlobalSection(ProjectConfigurationPlatforms) = postSolution
		{021A016C-40AB-4D63-8BD8-18B6BABBD1BD}.Debug|Any CPU.ActiveCfg = Debug|Any CPU
		{021A016C-40AB-4D63-8BD8-18B6BABBD1BD}.Debug|Any CPU.Build.0 = Debug|Any CPU
		{021A016C-40AB-4D63-8BD8-18B6BABBD1BD}.Release|Any CPU.ActiveCfg = Release|Any CPU
		{021A016C-40AB-4D63-8BD8-18B6BABBD1BD}.Release|Any CPU.Build.0 = Release|Any CPU
	EndGlobalSection
	GlobalSection(SolutionProperties) = preSolution
		HideSolutionNode = FALSE
	EndGlobalSection
	GlobalSection(ExtensibilityGlobals) = postSolution
		SolutionGuid = {CB99BFD8-AA8D-42D0-8201-EECB50944D32}
	EndGlobalSection
EndGlobal
